
Microsoft Visual Studio Solution File, Format Version 12.00
# Visual Studio Version 17
VisualStudioVersion = 17.8.34511.84
MinimumVisualStudioVersion = 10.0.40219.1
Project("{FAE04EC0-301F-11D3-BF4B-00C04F79EFBC}") = "Core.Persistence", "Core.Persistence\Core.Persistence.csproj", "{96D1896B-ED44-4512-BE1D-28652F46AB42}"
EndProject
Global
	GlobalSection(SolutionConfigurationPlatforms) = preSolution
		Debug|Any CPU = Debug|Any CPU
		Release|Any CPU = Release|Any CPU
	EndGlobalSection
	GlobalSection(ProjectConfigurationPlatforms) = postSolution
		{96D1896B-ED44-4512-BE1D-28652F46AB42}.Debug|Any CPU.ActiveCfg = Debug|Any CPU
		{96D1896B-ED44-4512-BE1D-28652F46AB42}.Debug|Any CPU.Build.0 = Debug|Any CPU
		{96D1896B-ED44-4512-BE1D-28652F46AB42}.Release|Any CPU.ActiveCfg = Release|Any CPU
		{96D1896B-ED44-4512-BE1D-28652F46AB42}.Release|Any CPU.Build.0 = Release|Any CPU
	EndGlobalSection
	GlobalSection(SolutionProperties) = preSolution
		HideSolutionNode = FALSE
	EndGlobalSection
	GlobalSection(ExtensibilityGlobals) = postSolution
		SolutionGuid = {7FCC872F-029C-49E7-B395-F22F4753C383}
	EndGlobalSection
EndGlobal
